
Microsoft Visual Studio Solution File, Format Version 12.00
# Visual Studio 15
VisualStudioVersion = 15.0.28307.902
MinimumVisualStudioVersion = 10.0.40219.1
Project("{FAE04EC0-301F-11D3-BF4B-00C04F79EFBC}") = "App1.Android", "App1\App1.Android\App1.Android.csproj", "{25D61B50-36A6-45E1-A9D4-0E716A603EBA}"
EndProject
Project("{FAE04EC0-301F-11D3-BF4B-00C04F79EFBC}") = "App1.iOS", "App1\App1.iOS\App1.iOS.csproj", "{F335DCFC-038C-40D4-8C6F-B7591AE8C2E5}"
EndProject
Project("{FAE04EC0-301F-11D3-BF4B-00C04F79EFBC}") = "App1", "App1\App1\App1.csproj", "{D54346CD-ECB2-40D1-8121-BC7518750DFA}"
EndProject
Global
	GlobalSection(SolutionConfigurationPlatforms) = preSolution
		Ad-Hoc|Any CPU = Ad-Hoc|Any CPU
		Ad-Hoc|iPhone = Ad-Hoc|iPhone
		Ad-Hoc|iPhoneSimulator = Ad-Hoc|iPhoneSimulator
		AppStore|Any CPU = AppStore|Any CPU
		AppStore|iPhone = AppStore|iPhone
		AppStore|iPhoneSimulator = AppStore|iPhoneSimulator
		Debug|Any CPU = Debug|Any CPU
		Debug|iPhone = Debug|iPhone
		Debug|iPhoneSimulator = Debug|iPhoneSimulator
		Release|Any CPU = Release|Any CPU
		Release|iPhone = Release|iPhone
		Release|iPhoneSimulator = Release|iPhoneSimulator
	EndGlobalSection
	GlobalSection(ProjectConfigurationPlatforms) = postSolution
		{25D61B50-36A6-45E1-A9D4-0E716A603EBA}.Ad-Hoc|Any CPU.ActiveCfg = Release|Any CPU
		{25D61B50-36A6-45E1-A9D4-0E716A603EBA}.Ad-Hoc|Any CPU.Build.0 = Release|Any CPU
		{25D61B50-36A6-45E1-A9D4-0E716A603EBA}.Ad-Hoc|Any CPU.Deploy.0 = Release|Any CPU
		{25D61B50-36A6-45E1-A9D4-0E716A603EBA}.Ad-Hoc|iPhone.ActiveCfg = Release|Any CPU
		{25D61B50-36A6-45E1-A9D4-0E716A603EBA}.Ad-Hoc|iPhone.Build.0 = Release|Any CPU
		{25D61B50-36A6-45E1-A9D4-0E716A603EBA}.Ad-Hoc|iPhone.Deploy.0 = Release|Any CPU
		{25D61B50-36A6-45E1-A9D4-0E716A603EBA}.Ad-Hoc|iPhoneSimulator.ActiveCfg = Release|Any CPU
		{25D61B50-36A6-45E1-A9D4-0E716A603EBA}.Ad-Hoc|iPhoneSimulator.Build.0 = Release|Any CPU
		{25D61B50-36A6-45E1-A9D4-0E716A603EBA}.Ad-Hoc|iPhoneSimulator.Deploy.0 = Release|Any CPU
		{25D61B50-36A6-45E1-A9D4-0E716A603EBA}.AppStore|Any CPU.ActiveCfg = Release|Any CPU
		{25D61B50-36A6-45E1-A9D4-0E716A603EBA}.AppStore|Any CPU.Build.0 = Release|Any CPU
		{25D61B50-36A6-45E1-A9D4-0E716A603EBA}.AppStore|Any CPU.Deploy.0 = Release|Any CPU
		{25D61B50-36A6-45E1-A9D4-0E716A603EBA}.AppStore|iPhone.ActiveCfg = Release|Any CPU
		{25D61B50-36A6-45E1-A9D4-0E716A603EBA}.AppStore|iPhone.Build.0 = Release|Any CPU
		{25D61B50-36A6-45E1-A9D4-0E716A603EBA}.AppStore|iPhone.Deploy.0 = Release|Any CPU
		{25D61B50-36A6-45E1-A9D4-0E716A603EBA}.AppStore|iPhoneSimulator.ActiveCfg = Release|Any CPU
		{25D61B50-36A6-45E1-A9D4-0E716A603EBA}.AppStore|iPhoneSimulator.Build.0 = Release|Any CPU
		{25D61B50-36A6-45E1-A9D4-0E716A603EBA}.AppStore|iPhoneSimulator.Deploy.0 = Release|Any CPU
		{25D61B50-36A6-45E1-A9D4-0E716A603EBA}.Debug|Any CPU.ActiveCfg = Debug|Any CPU
		{25D61B50-36A6-45E1-A9D4-0E716A603EBA}.Debug|Any CPU.Build.0 = Debug|Any CPU
		{25D61B50-36A6-45E1-A9D4-0E716A603EBA}.Debug|Any CPU.Deploy.0 = Debug|Any CPU
		{25D61B50-36A6-45E1-A9D4-0E716A603EBA}.Debug|iPhone.ActiveCfg = Debug|Any CPU
		{25D61B50-36A6-45E1-A9D4-0E716A603EBA}.Debug|iPhone.Build.0 = Debug|Any CPU
		{25D61B50-36A6-45E1-A9D4-0E716A603EBA}.Debug|iPhone.Deploy.0 = Debug|Any CPU
		{25D61B50-36A6-45E1-A9D4-0E716A603EBA}.Debug|iPhoneSimulator.ActiveCfg = Debug|Any CPU
		{25D61B50-36A6-45E1-A9D4-0E716A603EBA}.Debug|iPhoneSimulator.Build.0 = Debug|Any CPU
		{25D61B50-36A6-45E1-A9D4-0E716A603EBA}.Debug|iPhoneSimulator.Deploy.0 = Debug|Any CPU
		{25D61B50-36A6-45E1-A9D4-0E716A603EBA}.Release|Any CPU.ActiveCfg = Release|Any CPU
		{25D61B50-36A6-45E1-A9D4-0E716A603EBA}.Release|Any CPU.Build.0 = Release|Any CPU
		{25D61B50-36A6-45E1-A9D4-0E716A603EBA}.Release|Any CPU.Deploy.0 = Release|Any CPU
		{25D61B50-36A6-45E1-A9D4-0E716A603EBA}.Release|iPhone.ActiveCfg = Release|Any CPU
		{25D61B50-36A6-45E1-A9D4-0E716A603EBA}.Release|iPhone.Build.0 = Release|Any CPU
		{25D61B50-36A6-45E1-A9D4-0E716A603EBA}.Release|iPhone.Deploy.0 = Release|Any CPU
		{25D61B50-36A6-45E1-A9D4-0E716A603EBA}.Release|iPhoneSimulator.ActiveCfg = Release|Any CPU
		{25D61B50-36A6-45E1-A9D4-0E716A603EBA}.Release|iPhoneSimulator.Build.0 = Release|Any CPU
		{25D61B50-36A6-45E1-A9D4-0E716A603EBA}.Release|iPhoneSimulator.Deploy.0 = Release|Any CPU
		{F335DCFC-038C-40D4-8C6F-B7591AE8C2E5}.Ad-Hoc|Any CPU.ActiveCfg = Ad-Hoc|iPhone
		{F335DCFC-038C-40D4-8C6F-B7591AE8C2E5}.Ad-Hoc|Any CPU.Build.0 = Ad-Hoc|iPhone
		{F335DCFC-038C-40D4-8C6F-B7591AE8C2E5}.Ad-Hoc|Any CPU.Deploy.0 = Ad-Hoc|iPhone
		{F335DCFC-038C-40D4-8C6F-B7591AE8C2E5}.Ad-Hoc|iPhone.ActiveCfg = Ad-Hoc|iPhone
		{F335DCFC-038C-40D4-8C6F-B7591AE8C2E5}.Ad-Hoc|iPhone.Build.0 = Ad-Hoc|iPhone
		{F335DCFC-038C-40D4-8C6F-B7591AE8C2E5}.Ad-Hoc|iPhone.Deploy.0 = Ad-Hoc|iPhone
		{F335DCFC-038C-40D4-8C6F-B7591AE8C2E5}.Ad-Hoc|iPhoneSimulator.ActiveCfg = Ad-Hoc|iPhoneSimulator
		{F335DCFC-038C-40D4-8C6F-B7591AE8C2E5}.Ad-Hoc|iPhoneSimulator.Build.0 = Ad-Hoc|iPhoneSimulator
		{F335DCFC-038C-40D4-8C6F-B7591AE8C2E5}.Ad-Hoc|iPhoneSimulator.Deploy.0 = Ad-Hoc|iPhoneSimulator
		{F335DCFC-038C-40D4-8C6F-B7591AE8C2E5}.AppStore|Any CPU.ActiveCfg = AppStore|iPhone
		{F335DCFC-038C-40D4-8C6F-B7591AE8C2E5}.AppStore|Any CPU.Build.0 = AppStore|iPhone
		{F335DCFC-038C-40D4-8C6F-B7591AE8C2E5}.AppStore|Any CPU.Deploy.0 = AppStore|iPhone
		{F335DCFC-038C-40D4-8C6F-B7591AE8C2E5}.AppStore|iPhone.ActiveCfg = AppStore|iPhone
		{F335DCFC-038C-40D4-8C6F-B7591AE8C2E5}.AppStore|iPhone.Build.0 = AppStore|iPhone
		{F335DCFC-038C-40D4-8C6F-B7591AE8C2E5}.AppStore|iPhone.Deploy.0 = AppStore|iPhone
		{F335DCFC-038C-40D4-8C6F-B7591AE8C2E5}.AppStore|iPhoneSimulator.ActiveCfg = AppStore|iPhoneSimulator
		{F335DCFC-038C-40D4-8C6F-B7591AE8C2E5}.AppStore|iPhoneSimulator.Build.0 = AppStore|iPhoneSimulator
		{F335DCFC-038C-40D4-8C6F-B7591AE8C2E5}.AppStore|iPhoneSimulator.Deploy.0 = AppStore|iPhoneSimulator
		{F335DCFC-038C-40D4-8C6F-B7591AE8C2E5}.Debug|Any CPU.ActiveCfg = Debug|iPhoneSimulator
		{F335DCFC-038C-40D4-8C6F-B7591AE8C2E5}.Debug|Any CPU.Build.0 = Debug|iPhoneSimulator
		{F335DCFC-038C-40D4-8C6F-B7591AE8C2E5}.Debug|Any CPU.Deploy.0 = Debug|iPhoneSimulator
		{F335DCFC-038C-40D4-8C6F-B7591AE8C2E5}.Debug|iPhone.ActiveCfg = Debug|iPhone
		{F335DCFC-038C-40D4-8C6F-B7591AE8C2E5}.Debug|iPhone.Build.0 = Debug|iPhone
		{F335DCFC-038C-40D4-8C6F-B7591AE8C2E5}.Debug|iPhone.Deploy.0 = Debug|iPhone
		{F335DCFC-038C-40D4-8C6F-B7591AE8C2E5}.Debug|iPhoneSimulator.ActiveCfg = Debug|iPhoneSimulator
		{F335DCFC-038C-40D4-8C6F-B7591AE8C2E5}.Debug|iPhoneSimulator.Build.0 = Debug|iPhoneSimulator
		{F335DCFC-038C-40D4-8C6F-B7591AE8C2E5}.Debug|iPhoneSimulator.Deploy.0 = Debug|iPhoneSimulator
		{F335DCFC-038C-40D4-8C6F-B7591AE8C2E5}.Release|Any CPU.ActiveCfg = Release|iPhone
		{F335DCFC-038C-40D4-8C6F-B7591AE8C2E5}.Release|Any CPU.Build.0 = Release|iPhone
		{F335DCFC-038C-40D4-8C6F-B7591AE8C2E5}.Release|Any CPU.Deploy.0 = Release|iPhone
		{F335DCFC-038C-40D4-8C6F-B7591AE8C2E5}.Release|iPhone.ActiveCfg = Release|iPhone
		{F335DCFC-038C-40D4-8C6F-B7591AE8C2E5}.Release|iPhone.Build.0 = Release|iPhone
		{F335DCFC-038C-40D4-8C6F-B7591AE8C2E5}.Release|iPhone.Deploy.0 = Release|iPhone
		{F335DCFC-038C-40D4-8C6F-B7591AE8C2E5}.Release|iPhoneSimulator.ActiveCfg = Release|iPhoneSimulator
		{F335DCFC-038C-40D4-8C6F-B7591AE8C2E5}.Release|iPhoneSimulator.Build.0 = Release|iPhoneSimulator
		{F335DCFC-038C-40D4-8C6F-B7591AE8C2E5}.Release|iPhoneSimulator.Deploy.0 = Release|iPhoneSimulator
		{D54346CD-ECB2-40D1-8121-BC7518750DFA}.Ad-Hoc|Any CPU.ActiveCfg = Debug|Any CPU
		{D54346CD-ECB2-40D1-8121-BC7518750DFA}.Ad-Hoc|Any CPU.Build.0 = Debug|Any CPU
		{D54346CD-ECB2-40D1-8121-BC7518750DFA}.Ad-Hoc|Any CPU.Deploy.0 = Debug|Any CPU
		{D54346CD-ECB2-40D1-8121-BC7518750DFA}.Ad-Hoc|iPhone.ActiveCfg = Debug|Any CPU
		{D54346CD-ECB2-40D1-8121-BC7518750DFA}.Ad-Hoc|iPhone.Build.0 = Debug|Any CPU
		{D54346CD-ECB2-40D1-8121-BC7518750DFA}.Ad-Hoc|iPhone.Deploy.0 = Debug|Any CPU
		{D54346CD-ECB2-40D1-8121-BC7518750DFA}.Ad-Hoc|iPhoneSimulator.ActiveCfg = Debug|Any CPU
		{D54346CD-ECB2-40D1-8121-BC7518750DFA}.Ad-Hoc|iPhoneSimulator.Build.0 = Debug|Any CPU
		{D54346CD-ECB2-40D1-8121-BC7518750DFA}.Ad-Hoc|iPhoneSimulator.Deploy.0 = Debug|Any CPU
		{D54346CD-ECB2-40D1-8121-BC7518750DFA}.AppStore|Any CPU.ActiveCfg = Debug|Any CPU
		{D54346CD-ECB2-40D1-8121-BC7518750DFA}.AppStore|Any CPU.Build.0 = Debug|Any CPU
		{D54346CD-ECB2-40D1-8121-BC7518750DFA}.AppStore|Any CPU.Deploy.0 = Debug|Any CPU
		{D54346CD-ECB2-40D1-8121-BC7518750DFA}.AppStore|iPhone.ActiveCfg = Debug|Any CPU
		{D54346CD-ECB2-40D1-8121-BC7518750DFA}.AppStore|iPhone.Build.0 = Debug|Any CPU
		{D54346CD-ECB2-40D1-8121-BC7518750DFA}.AppStore|iPhone.Deploy.0 = Debug|Any CPU
		{D54346CD-ECB2-40D1-8121-BC7518750DFA}.AppStore|iPhoneSimulator.ActiveCfg = Debug|Any CPU
		{D54346CD-ECB2-40D1-8121-BC7518750DFA}.AppStore|iPhoneSimulator.Build.0 = Debug|Any CPU
		{D54346CD-ECB2-40D1-8121-BC7518750DFA}.AppStore|iPhoneSimulator.Deploy.0 = Debug|Any CPU
		{D54346CD-ECB2-40D1-8121-BC7518750DFA}.Debug|Any CPU.ActiveCfg = Debug|Any CPU
		{D54346CD-ECB2-40D1-8121-BC7518750DFA}.Debug|Any CPU.Build.0 = Debug|Any CPU
		{D54346CD-ECB2-40D1-8121-BC7518750DFA}.Debug|Any CPU.Deploy.0 = Debug|Any CPU
		{D54346CD-ECB2-40D1-8121-BC7518750DFA}.Debug|iPhone.ActiveCfg = Debug|Any CPU
		{D54346CD-ECB2-40D1-8121-BC7518750DFA}.Debug|iPhone.Build.0 = Debug|Any CPU
		{D54346CD-ECB2-40D1-8121-BC7518750DFA}.Debug|iPhone.Deploy.0 = Debug|Any CPU
		{D54346CD-ECB2-40D1-8121-BC7518750DFA}.Debug|iPhoneSimulator.ActiveCfg = Debug|Any CPU
		{D54346CD-ECB2-40D1-8121-BC7518750DFA}.Debug|iPhoneSimulator.Build.0 = Debug|Any CPU
		{D54346CD-ECB2-40D1-8121-BC7518750DFA}.Debug|iPhoneSimulator.Deploy.0 = Debug|Any CPU
		{D54346CD-ECB2-40D1-8121-BC7518750DFA}.Release|Any CPU.ActiveCfg = Release|Any CPU
		{D54346CD-ECB2-40D1-8121-BC7518750DFA}.Release|Any CPU.Build.0 = Release|Any CPU
		{D54346CD-ECB2-40D1-8121-BC7518750DFA}.Release|Any CPU.Deploy.0 = Release|Any CPU
		{D54346CD-ECB2-40D1-8121-BC7518750DFA}.Release|iPhone.ActiveCfg = Release|Any CPU
		{D54346CD-ECB2-40D1-8121-BC7518750DFA}.Release|iPhone.Build.0 = Release|Any CPU
		{D54346CD-ECB2-40D1-8121-BC7518750DFA}.Release|iPhone.Deploy.0 = Release|Any CPU
		{D54346CD-ECB2-40D1-8121-BC7518750DFA}.Release|iPhoneSimulator.ActiveCfg = Release|Any CPU
		{D54346CD-ECB2-40D1-8121-BC7518750DFA}.Release|iPhoneSimulator.Build.0 = Release|Any CPU
		{D54346CD-ECB2-40D1-8121-BC7518750DFA}.Release|iPhoneSimulator.Deploy.0 = Release|Any CPU
	EndGlobalSection
	GlobalSection(SolutionProperties) = preSolution
		HideSolutionNode = FALSE
	EndGlobalSection
	GlobalSection(ExtensibilityGlobals) = postSolution
		SolutionGuid = {F3401085-B916-447E-A969-5436C2538A7E}
	EndGlobalSection
EndGlobal
