
Microsoft Visual Studio Solution File, Format Version 12.00
# Visual Studio 15
VisualStudioVersion = 15.0.28307.902
MinimumVisualStudioVersion = 10.0.40219.1
Project("{FAE04EC0-301F-11D3-BF4B-00C04F79EFBC}") = "App5.Android", "App5\App5.Android\App5.Android.csproj", "{123AEB98-B78F-4EBD-AB42-584A7A748818}"
EndProject
Project("{FAE04EC0-301F-11D3-BF4B-00C04F79EFBC}") = "App5.iOS", "App5\App5.iOS\App5.iOS.csproj", "{395BC161-22B2-438F-86A1-4FDA355DEA4A}"
EndProject
Project("{FAE04EC0-301F-11D3-BF4B-00C04F79EFBC}") = "App5.UWP", "App5\App5.UWP\App5.UWP.csproj", "{FA68BD53-8990-4A02-A3F9-1BF6F94E6350}"
EndProject
Project("{FAE04EC0-301F-11D3-BF4B-00C04F79EFBC}") = "App5", "App5\App5\App5.csproj", "{93981A87-A6E3-419A-A9BD-50563E286D98}"
EndProject
Global
	GlobalSection(SolutionConfigurationPlatforms) = preSolution
		Ad-Hoc|Any CPU = Ad-Hoc|Any CPU
		Ad-Hoc|ARM = Ad-Hoc|ARM
		Ad-Hoc|iPhone = Ad-Hoc|iPhone
		Ad-Hoc|iPhoneSimulator = Ad-Hoc|iPhoneSimulator
		Ad-Hoc|x64 = Ad-Hoc|x64
		Ad-Hoc|x86 = Ad-Hoc|x86
		AppStore|Any CPU = AppStore|Any CPU
		AppStore|ARM = AppStore|ARM
		AppStore|iPhone = AppStore|iPhone
		AppStore|iPhoneSimulator = AppStore|iPhoneSimulator
		AppStore|x64 = AppStore|x64
		AppStore|x86 = AppStore|x86
		Debug|Any CPU = Debug|Any CPU
		Debug|ARM = Debug|ARM
		Debug|iPhone = Debug|iPhone
		Debug|iPhoneSimulator = Debug|iPhoneSimulator
		Debug|x64 = Debug|x64
		Debug|x86 = Debug|x86
		Release|Any CPU = Release|Any CPU
		Release|ARM = Release|ARM
		Release|iPhone = Release|iPhone
		Release|iPhoneSimulator = Release|iPhoneSimulator
		Release|x64 = Release|x64
		Release|x86 = Release|x86
	EndGlobalSection
	GlobalSection(ProjectConfigurationPlatforms) = postSolution
		{123AEB98-B78F-4EBD-AB42-584A7A748818}.Ad-Hoc|Any CPU.ActiveCfg = Release|Any CPU
		{123AEB98-B78F-4EBD-AB42-584A7A748818}.Ad-Hoc|Any CPU.Build.0 = Release|Any CPU
		{123AEB98-B78F-4EBD-AB42-584A7A748818}.Ad-Hoc|Any CPU.Deploy.0 = Release|Any CPU
		{123AEB98-B78F-4EBD-AB42-584A7A748818}.Ad-Hoc|ARM.ActiveCfg = Release|Any CPU
		{123AEB98-B78F-4EBD-AB42-584A7A748818}.Ad-Hoc|ARM.Build.0 = Release|Any CPU
		{123AEB98-B78F-4EBD-AB42-584A7A748818}.Ad-Hoc|ARM.Deploy.0 = Release|Any CPU
		{123AEB98-B78F-4EBD-AB42-584A7A748818}.Ad-Hoc|iPhone.ActiveCfg = Release|Any CPU
		{123AEB98-B78F-4EBD-AB42-584A7A748818}.Ad-Hoc|iPhone.Build.0 = Release|Any CPU
		{123AEB98-B78F-4EBD-AB42-584A7A748818}.Ad-Hoc|iPhone.Deploy.0 = Release|Any CPU
		{123AEB98-B78F-4EBD-AB42-584A7A748818}.Ad-Hoc|iPhoneSimulator.ActiveCfg = Release|Any CPU
		{123AEB98-B78F-4EBD-AB42-584A7A748818}.Ad-Hoc|iPhoneSimulator.Build.0 = Release|Any CPU
		{123AEB98-B78F-4EBD-AB42-584A7A748818}.Ad-Hoc|iPhoneSimulator.Deploy.0 = Release|Any CPU
		{123AEB98-B78F-4EBD-AB42-584A7A748818}.Ad-Hoc|x64.ActiveCfg = Release|Any CPU
		{123AEB98-B78F-4EBD-AB42-584A7A748818}.Ad-Hoc|x64.Build.0 = Release|Any CPU
		{123AEB98-B78F-4EBD-AB42-584A7A748818}.Ad-Hoc|x64.Deploy.0 = Release|Any CPU
		{123AEB98-B78F-4EBD-AB42-584A7A748818}.Ad-Hoc|x86.ActiveCfg = Release|Any CPU
		{123AEB98-B78F-4EBD-AB42-584A7A748818}.Ad-Hoc|x86.Build.0 = Release|Any CPU
		{123AEB98-B78F-4EBD-AB42-584A7A748818}.Ad-Hoc|x86.Deploy.0 = Release|Any CPU
		{123AEB98-B78F-4EBD-AB42-584A7A748818}.AppStore|Any CPU.ActiveCfg = Release|Any CPU
		{123AEB98-B78F-4EBD-AB42-584A7A748818}.AppStore|Any CPU.Build.0 = Release|Any CPU
		{123AEB98-B78F-4EBD-AB42-584A7A748818}.AppStore|Any CPU.Deploy.0 = Release|Any CPU
		{123AEB98-B78F-4EBD-AB42-584A7A748818}.AppStore|ARM.ActiveCfg = Release|Any CPU
		{123AEB98-B78F-4EBD-AB42-584A7A748818}.AppStore|ARM.Build.0 = Release|Any CPU
		{123AEB98-B78F-4EBD-AB42-584A7A748818}.AppStore|ARM.Deploy.0 = Release|Any CPU
		{123AEB98-B78F-4EBD-AB42-584A7A748818}.AppStore|iPhone.ActiveCfg = Release|Any CPU
		{123AEB98-B78F-4EBD-AB42-584A7A748818}.AppStore|iPhone.Build.0 = Release|Any CPU
		{123AEB98-B78F-4EBD-AB42-584A7A748818}.AppStore|iPhone.Deploy.0 = Release|Any CPU
		{123AEB98-B78F-4EBD-AB42-584A7A748818}.AppStore|iPhoneSimulator.ActiveCfg = Release|Any CPU
		{123AEB98-B78F-4EBD-AB42-584A7A748818}.AppStore|iPhoneSimulator.Build.0 = Release|Any CPU
		{123AEB98-B78F-4EBD-AB42-584A7A748818}.AppStore|iPhoneSimulator.Deploy.0 = Release|Any CPU
		{123AEB98-B78F-4EBD-AB42-584A7A748818}.AppStore|x64.ActiveCfg = Release|Any CPU
		{123AEB98-B78F-4EBD-AB42-584A7A748818}.AppStore|x64.Build.0 = Release|Any CPU
		{123AEB98-B78F-4EBD-AB42-584A7A748818}.AppStore|x64.Deploy.0 = Release|Any CPU
		{123AEB98-B78F-4EBD-AB42-584A7A748818}.AppStore|x86.ActiveCfg = Release|Any CPU
		{123AEB98-B78F-4EBD-AB42-584A7A748818}.AppStore|x86.Build.0 = Release|Any CPU
		{123AEB98-B78F-4EBD-AB42-584A7A748818}.AppStore|x86.Deploy.0 = Release|Any CPU
		{123AEB98-B78F-4EBD-AB42-584A7A748818}.Debug|Any CPU.ActiveCfg = Debug|Any CPU
		{123AEB98-B78F-4EBD-AB42-584A7A748818}.Debug|Any CPU.Build.0 = Debug|Any CPU
		{123AEB98-B78F-4EBD-AB42-584A7A748818}.Debug|Any CPU.Deploy.0 = Debug|Any CPU
		{123AEB98-B78F-4EBD-AB42-584A7A748818}.Debug|ARM.ActiveCfg = Debug|Any CPU
		{123AEB98-B78F-4EBD-AB42-584A7A748818}.Debug|ARM.Build.0 = Debug|Any CPU
		{123AEB98-B78F-4EBD-AB42-584A7A748818}.Debug|ARM.Deploy.0 = Debug|Any CPU
		{123AEB98-B78F-4EBD-AB42-584A7A748818}.Debug|iPhone.ActiveCfg = Debug|Any CPU
		{123AEB98-B78F-4EBD-AB42-584A7A748818}.Debug|iPhone.Build.0 = Debug|Any CPU
		{123AEB98-B78F-4EBD-AB42-584A7A748818}.Debug|iPhone.Deploy.0 = Debug|Any CPU
		{123AEB98-B78F-4EBD-AB42-584A7A748818}.Debug|iPhoneSimulator.ActiveCfg = Debug|Any CPU
		{123AEB98-B78F-4EBD-AB42-584A7A748818}.Debug|iPhoneSimulator.Build.0 = Debug|Any CPU
		{123AEB98-B78F-4EBD-AB42-584A7A748818}.Debug|iPhoneSimulator.Deploy.0 = Debug|Any CPU
		{123AEB98-B78F-4EBD-AB42-584A7A748818}.Debug|x64.ActiveCfg = Debug|Any CPU
		{123AEB98-B78F-4EBD-AB42-584A7A748818}.Debug|x64.Build.0 = Debug|Any CPU
		{123AEB98-B78F-4EBD-AB42-584A7A748818}.Debug|x64.Deploy.0 = Debug|Any CPU
		{123AEB98-B78F-4EBD-AB42-584A7A748818}.Debug|x86.ActiveCfg = Debug|Any CPU
		{123AEB98-B78F-4EBD-AB42-584A7A748818}.Debug|x86.Build.0 = Debug|Any CPU
		{123AEB98-B78F-4EBD-AB42-584A7A748818}.Debug|x86.Deploy.0 = Debug|Any CPU
		{123AEB98-B78F-4EBD-AB42-584A7A748818}.Release|Any CPU.ActiveCfg = Release|Any CPU
		{123AEB98-B78F-4EBD-AB42-584A7A748818}.Release|Any CPU.Build.0 = Release|Any CPU
		{123AEB98-B78F-4EBD-AB42-584A7A748818}.Release|Any CPU.Deploy.0 = Release|Any CPU
		{123AEB98-B78F-4EBD-AB42-584A7A748818}.Release|ARM.ActiveCfg = Release|Any CPU
		{123AEB98-B78F-4EBD-AB42-584A7A748818}.Release|ARM.Build.0 = Release|Any CPU
		{123AEB98-B78F-4EBD-AB42-584A7A748818}.Release|ARM.Deploy.0 = Release|Any CPU
		{123AEB98-B78F-4EBD-AB42-584A7A748818}.Release|iPhone.ActiveCfg = Release|Any CPU
		{123AEB98-B78F-4EBD-AB42-584A7A748818}.Release|iPhone.Build.0 = Release|Any CPU
		{123AEB98-B78F-4EBD-AB42-584A7A748818}.Release|iPhone.Deploy.0 = Release|Any CPU
		{123AEB98-B78F-4EBD-AB42-584A7A748818}.Release|iPhoneSimulator.ActiveCfg = Release|Any CPU
		{123AEB98-B78F-4EBD-AB42-584A7A748818}.Release|iPhoneSimulator.Build.0 = Release|Any CPU
		{123AEB98-B78F-4EBD-AB42-584A7A748818}.Release|iPhoneSimulator.Deploy.0 = Release|Any CPU
		{123AEB98-B78F-4EBD-AB42-584A7A748818}.Release|x64.ActiveCfg = Release|Any CPU
		{123AEB98-B78F-4EBD-AB42-584A7A748818}.Release|x64.Build.0 = Release|Any CPU
		{123AEB98-B78F-4EBD-AB42-584A7A748818}.Release|x64.Deploy.0 = Release|Any CPU
		{123AEB98-B78F-4EBD-AB42-584A7A748818}.Release|x86.ActiveCfg = Release|Any CPU
		{123AEB98-B78F-4EBD-AB42-584A7A748818}.Release|x86.Build.0 = Release|Any CPU
		{123AEB98-B78F-4EBD-AB42-584A7A748818}.Release|x86.Deploy.0 = Release|Any CPU
		{395BC161-22B2-438F-86A1-4FDA355DEA4A}.Ad-Hoc|Any CPU.ActiveCfg = Ad-Hoc|iPhone
		{395BC161-22B2-438F-86A1-4FDA355DEA4A}.Ad-Hoc|Any CPU.Build.0 = Ad-Hoc|iPhone
		{395BC161-22B2-438F-86A1-4FDA355DEA4A}.Ad-Hoc|Any CPU.Deploy.0 = Ad-Hoc|iPhone
		{395BC161-22B2-438F-86A1-4FDA355DEA4A}.Ad-Hoc|ARM.ActiveCfg = Ad-Hoc|iPhone
		{395BC161-22B2-438F-86A1-4FDA355DEA4A}.Ad-Hoc|ARM.Build.0 = Ad-Hoc|iPhone
		{395BC161-22B2-438F-86A1-4FDA355DEA4A}.Ad-Hoc|ARM.Deploy.0 = Ad-Hoc|iPhone
		{395BC161-22B2-438F-86A1-4FDA355DEA4A}.Ad-Hoc|iPhone.ActiveCfg = Ad-Hoc|iPhone
		{395BC161-22B2-438F-86A1-4FDA355DEA4A}.Ad-Hoc|iPhone.Build.0 = Ad-Hoc|iPhone
		{395BC161-22B2-438F-86A1-4FDA355DEA4A}.Ad-Hoc|iPhone.Deploy.0 = Ad-Hoc|iPhone
		{395BC161-22B2-438F-86A1-4FDA355DEA4A}.Ad-Hoc|iPhoneSimulator.ActiveCfg = Ad-Hoc|iPhoneSimulator
		{395BC161-22B2-438F-86A1-4FDA355DEA4A}.Ad-Hoc|iPhoneSimulator.Build.0 = Ad-Hoc|iPhoneSimulator
		{395BC161-22B2-438F-86A1-4FDA355DEA4A}.Ad-Hoc|iPhoneSimulator.Deploy.0 = Ad-Hoc|iPhoneSimulator
		{395BC161-22B2-438F-86A1-4FDA355DEA4A}.Ad-Hoc|x64.ActiveCfg = Ad-Hoc|iPhone
		{395BC161-22B2-438F-86A1-4FDA355DEA4A}.Ad-Hoc|x64.Build.0 = Ad-Hoc|iPhone
		{395BC161-22B2-438F-86A1-4FDA355DEA4A}.Ad-Hoc|x64.Deploy.0 = Ad-Hoc|iPhone
		{395BC161-22B2-438F-86A1-4FDA355DEA4A}.Ad-Hoc|x86.ActiveCfg = Ad-Hoc|iPhone
		{395BC161-22B2-438F-86A1-4FDA355DEA4A}.Ad-Hoc|x86.Build.0 = Ad-Hoc|iPhone
		{395BC161-22B2-438F-86A1-4FDA355DEA4A}.Ad-Hoc|x86.Deploy.0 = Ad-Hoc|iPhone
		{395BC161-22B2-438F-86A1-4FDA355DEA4A}.AppStore|Any CPU.ActiveCfg = AppStore|iPhone
		{395BC161-22B2-438F-86A1-4FDA355DEA4A}.AppStore|Any CPU.Build.0 = AppStore|iPhone
		{395BC161-22B2-438F-86A1-4FDA355DEA4A}.AppStore|Any CPU.Deploy.0 = AppStore|iPhone
		{395BC161-22B2-438F-86A1-4FDA355DEA4A}.AppStore|ARM.ActiveCfg = AppStore|iPhone
		{395BC161-22B2-438F-86A1-4FDA355DEA4A}.AppStore|ARM.Build.0 = AppStore|iPhone
		{395BC161-22B2-438F-86A1-4FDA355DEA4A}.AppStore|ARM.Deploy.0 = AppStore|iPhone
		{395BC161-22B2-438F-86A1-4FDA355DEA4A}.AppStore|iPhone.ActiveCfg = AppStore|iPhone
		{395BC161-22B2-438F-86A1-4FDA355DEA4A}.AppStore|iPhone.Build.0 = AppStore|iPhone
		{395BC161-22B2-438F-86A1-4FDA355DEA4A}.AppStore|iPhone.Deploy.0 = AppStore|iPhone
		{395BC161-22B2-438F-86A1-4FDA355DEA4A}.AppStore|iPhoneSimulator.ActiveCfg = AppStore|iPhoneSimulator
		{395BC161-22B2-438F-86A1-4FDA355DEA4A}.AppStore|iPhoneSimulator.Build.0 = AppStore|iPhoneSimulator
		{395BC161-22B2-438F-86A1-4FDA355DEA4A}.AppStore|iPhoneSimulator.Deploy.0 = AppStore|iPhoneSimulator
		{395BC161-22B2-438F-86A1-4FDA355DEA4A}.AppStore|x64.ActiveCfg = AppStore|iPhone
		{395BC161-22B2-438F-86A1-4FDA355DEA4A}.AppStore|x64.Build.0 = AppStore|iPhone
		{395BC161-22B2-438F-86A1-4FDA355DEA4A}.AppStore|x64.Deploy.0 = AppStore|iPhone
		{395BC161-22B2-438F-86A1-4FDA355DEA4A}.AppStore|x86.ActiveCfg = AppStore|iPhone
		{395BC161-22B2-438F-86A1-4FDA355DEA4A}.AppStore|x86.Build.0 = AppStore|iPhone
		{395BC161-22B2-438F-86A1-4FDA355DEA4A}.AppStore|x86.Deploy.0 = AppStore|iPhone
		{395BC161-22B2-438F-86A1-4FDA355DEA4A}.Debug|Any CPU.ActiveCfg = Debug|iPhoneSimulator
		{395BC161-22B2-438F-86A1-4FDA355DEA4A}.Debug|Any CPU.Build.0 = Debug|iPhoneSimulator
		{395BC161-22B2-438F-86A1-4FDA355DEA4A}.Debug|Any CPU.Deploy.0 = Debug|iPhoneSimulator
		{395BC161-22B2-438F-86A1-4FDA355DEA4A}.Debug|ARM.ActiveCfg = Debug|iPhone
		{395BC161-22B2-438F-86A1-4FDA355DEA4A}.Debug|ARM.Build.0 = Debug|iPhone
		{395BC161-22B2-438F-86A1-4FDA355DEA4A}.Debug|ARM.Deploy.0 = Debug|iPhone
		{395BC161-22B2-438F-86A1-4FDA355DEA4A}.Debug|iPhone.ActiveCfg = Debug|iPhone
		{395BC161-22B2-438F-86A1-4FDA355DEA4A}.Debug|iPhone.Build.0 = Debug|iPhone
		{395BC161-22B2-438F-86A1-4FDA355DEA4A}.Debug|iPhone.Deploy.0 = Debug|iPhone
		{395BC161-22B2-438F-86A1-4FDA355DEA4A}.Debug|iPhoneSimulator.ActiveCfg = Debug|iPhoneSimulator
		{395BC161-22B2-438F-86A1-4FDA355DEA4A}.Debug|iPhoneSimulator.Build.0 = Debug|iPhoneSimulator
		{395BC161-22B2-438F-86A1-4FDA355DEA4A}.Debug|iPhoneSimulator.Deploy.0 = Debug|iPhoneSimulator
		{395BC161-22B2-438F-86A1-4FDA355DEA4A}.Debug|x64.ActiveCfg = Debug|iPhone
		{395BC161-22B2-438F-86A1-4FDA355DEA4A}.Debug|x64.Build.0 = Debug|iPhone
		{395BC161-22B2-438F-86A1-4FDA355DEA4A}.Debug|x64.Deploy.0 = Debug|iPhone
		{395BC161-22B2-438F-86A1-4FDA355DEA4A}.Debug|x86.ActiveCfg = Debug|iPhone
		{395BC161-22B2-438F-86A1-4FDA355DEA4A}.Debug|x86.Build.0 = Debug|iPhone
		{395BC161-22B2-438F-86A1-4FDA355DEA4A}.Debug|x86.Deploy.0 = Debug|iPhone
		{395BC161-22B2-438F-86A1-4FDA355DEA4A}.Release|Any CPU.ActiveCfg = Release|iPhone
		{395BC161-22B2-438F-86A1-4FDA355DEA4A}.Release|Any CPU.Build.0 = Release|iPhone
		{395BC161-22B2-438F-86A1-4FDA355DEA4A}.Release|Any CPU.Deploy.0 = Release|iPhone
		{395BC161-22B2-438F-86A1-4FDA355DEA4A}.Release|ARM.ActiveCfg = Release|iPhone
		{395BC161-22B2-438F-86A1-4FDA355DEA4A}.Release|ARM.Build.0 = Release|iPhone
		{395BC161-22B2-438F-86A1-4FDA355DEA4A}.Release|ARM.Deploy.0 = Release|iPhone
		{395BC161-22B2-438F-86A1-4FDA355DEA4A}.Release|iPhone.ActiveCfg = Release|iPhone
		{395BC161-22B2-438F-86A1-4FDA355DEA4A}.Release|iPhone.Build.0 = Release|iPhone
		{395BC161-22B2-438F-86A1-4FDA355DEA4A}.Release|iPhone.Deploy.0 = Release|iPhone
		{395BC161-22B2-438F-86A1-4FDA355DEA4A}.Release|iPhoneSimulator.ActiveCfg = Release|iPhoneSimulator
		{395BC161-22B2-438F-86A1-4FDA355DEA4A}.Release|iPhoneSimulator.Build.0 = Release|iPhoneSimulator
		{395BC161-22B2-438F-86A1-4FDA355DEA4A}.Release|iPhoneSimulator.Deploy.0 = Release|iPhoneSimulator
		{395BC161-22B2-438F-86A1-4FDA355DEA4A}.Release|x64.ActiveCfg = Release|iPhone
		{395BC161-22B2-438F-86A1-4FDA355DEA4A}.Release|x64.Build.0 = Release|iPhone
		{395BC161-22B2-438F-86A1-4FDA355DEA4A}.Release|x64.Deploy.0 = Release|iPhone
		{395BC161-22B2-438F-86A1-4FDA355DEA4A}.Release|x86.ActiveCfg = Release|iPhone
		{395BC161-22B2-438F-86A1-4FDA355DEA4A}.Release|x86.Build.0 = Release|iPhone
		{395BC161-22B2-438F-86A1-4FDA355DEA4A}.Release|x86.Deploy.0 = Release|iPhone
		{FA68BD53-8990-4A02-A3F9-1BF6F94E6350}.Ad-Hoc|Any CPU.ActiveCfg = Release|x86
		{FA68BD53-8990-4A02-A3F9-1BF6F94E6350}.Ad-Hoc|Any CPU.Build.0 = Release|x86
		{FA68BD53-8990-4A02-A3F9-1BF6F94E6350}.Ad-Hoc|Any CPU.Deploy.0 = Release|x86
		{FA68BD53-8990-4A02-A3F9-1BF6F94E6350}.Ad-Hoc|ARM.ActiveCfg = Release|ARM
		{FA68BD53-8990-4A02-A3F9-1BF6F94E6350}.Ad-Hoc|ARM.Build.0 = Release|ARM
		{FA68BD53-8990-4A02-A3F9-1BF6F94E6350}.Ad-Hoc|ARM.Deploy.0 = Release|ARM
		{FA68BD53-8990-4A02-A3F9-1BF6F94E6350}.Ad-Hoc|iPhone.ActiveCfg = Release|x86
		{FA68BD53-8990-4A02-A3F9-1BF6F94E6350}.Ad-Hoc|iPhone.Build.0 = Release|x86
		{FA68BD53-8990-4A02-A3F9-1BF6F94E6350}.Ad-Hoc|iPhone.Deploy.0 = Release|x86
		{FA68BD53-8990-4A02-A3F9-1BF6F94E6350}.Ad-Hoc|iPhoneSimulator.ActiveCfg = Release|x86
		{FA68BD53-8990-4A02-A3F9-1BF6F94E6350}.Ad-Hoc|iPhoneSimulator.Build.0 = Release|x86
		{FA68BD53-8990-4A02-A3F9-1BF6F94E6350}.Ad-Hoc|iPhoneSimulator.Deploy.0 = Release|x86
		{FA68BD53-8990-4A02-A3F9-1BF6F94E6350}.Ad-Hoc|x64.ActiveCfg = Release|x64
		{FA68BD53-8990-4A02-A3F9-1BF6F94E6350}.Ad-Hoc|x64.Build.0 = Release|x64
		{FA68BD53-8990-4A02-A3F9-1BF6F94E6350}.Ad-Hoc|x64.Deploy.0 = Release|x64
		{FA68BD53-8990-4A02-A3F9-1BF6F94E6350}.Ad-Hoc|x86.ActiveCfg = Release|x86
		{FA68BD53-8990-4A02-A3F9-1BF6F94E6350}.Ad-Hoc|x86.Build.0 = Release|x86
		{FA68BD53-8990-4A02-A3F9-1BF6F94E6350}.Ad-Hoc|x86.Deploy.0 = Release|x86
		{FA68BD53-8990-4A02-A3F9-1BF6F94E6350}.AppStore|Any CPU.ActiveCfg = Release|x86
		{FA68BD53-8990-4A02-A3F9-1BF6F94E6350}.AppStore|Any CPU.Build.0 = Release|x86
		{FA68BD53-8990-4A02-A3F9-1BF6F94E6350}.AppStore|Any CPU.Deploy.0 = Release|x86
		{FA68BD53-8990-4A02-A3F9-1BF6F94E6350}.AppStore|ARM.ActiveCfg = Release|ARM
		{FA68BD53-8990-4A02-A3F9-1BF6F94E6350}.AppStore|ARM.Build.0 = Release|ARM
		{FA68BD53-8990-4A02-A3F9-1BF6F94E6350}.AppStore|ARM.Deploy.0 = Release|ARM
		{FA68BD53-8990-4A02-A3F9-1BF6F94E6350}.AppStore|iPhone.ActiveCfg = Release|x86
		{FA68BD53-8990-4A02-A3F9-1BF6F94E6350}.AppStore|iPhone.Build.0 = Release|x86
		{FA68BD53-8990-4A02-A3F9-1BF6F94E6350}.AppStore|iPhone.Deploy.0 = Release|x86
		{FA68BD53-8990-4A02-A3F9-1BF6F94E6350}.AppStore|iPhoneSimulator.ActiveCfg = Release|x86
		{FA68BD53-8990-4A02-A3F9-1BF6F94E6350}.AppStore|iPhoneSimulator.Build.0 = Release|x86
		{FA68BD53-8990-4A02-A3F9-1BF6F94E6350}.AppStore|iPhoneSimulator.Deploy.0 = Release|x86
		{FA68BD53-8990-4A02-A3F9-1BF6F94E6350}.AppStore|x64.ActiveCfg = Release|x64
		{FA68BD53-8990-4A02-A3F9-1BF6F94E6350}.AppStore|x64.Build.0 = Release|x64
		{FA68BD53-8990-4A02-A3F9-1BF6F94E6350}.AppStore|x64.Deploy.0 = Release|x64
		{FA68BD53-8990-4A02-A3F9-1BF6F94E6350}.AppStore|x86.ActiveCfg = Release|x86
		{FA68BD53-8990-4A02-A3F9-1BF6F94E6350}.AppStore|x86.Build.0 = Release|x86
		{FA68BD53-8990-4A02-A3F9-1BF6F94E6350}.AppStore|x86.Deploy.0 = Release|x86
		{FA68BD53-8990-4A02-A3F9-1BF6F94E6350}.Debug|Any CPU.ActiveCfg = Debug|x86
		{FA68BD53-8990-4A02-A3F9-1BF6F94E6350}.Debug|Any CPU.Build.0 = Debug|x86
		{FA68BD53-8990-4A02-A3F9-1BF6F94E6350}.Debug|Any CPU.Deploy.0 = Debug|x86
		{FA68BD53-8990-4A02-A3F9-1BF6F94E6350}.Debug|ARM.ActiveCfg = Debug|ARM
		{FA68BD53-8990-4A02-A3F9-1BF6F94E6350}.Debug|ARM.Build.0 = Debug|ARM
		{FA68BD53-8990-4A02-A3F9-1BF6F94E6350}.Debug|ARM.Deploy.0 = Debug|ARM
		{FA68BD53-8990-4A02-A3F9-1BF6F94E6350}.Debug|iPhone.ActiveCfg = Debug|x86
		{FA68BD53-8990-4A02-A3F9-1BF6F94E6350}.Debug|iPhone.Build.0 = Debug|x86
		{FA68BD53-8990-4A02-A3F9-1BF6F94E6350}.Debug|iPhone.Deploy.0 = Debug|x86
		{FA68BD53-8990-4A02-A3F9-1BF6F94E6350}.Debug|iPhoneSimulator.ActiveCfg = Debug|x86
		{FA68BD53-8990-4A02-A3F9-1BF6F94E6350}.Debug|iPhoneSimulator.Build.0 = Debug|x86
		{FA68BD53-8990-4A02-A3F9-1BF6F94E6350}.Debug|iPhoneSimulator.Deploy.0 = Debug|x86
		{FA68BD53-8990-4A02-A3F9-1BF6F94E6350}.Debug|x64.ActiveCfg = Debug|x64
		{FA68BD53-8990-4A02-A3F9-1BF6F94E6350}.Debug|x64.Build.0 = Debug|x64
		{FA68BD53-8990-4A02-A3F9-1BF6F94E6350}.Debug|x64.Deploy.0 = Debug|x64
		{FA68BD53-8990-4A02-A3F9-1BF6F94E6350}.Debug|x86.ActiveCfg = Debug|x86
		{FA68BD53-8990-4A02-A3F9-1BF6F94E6350}.Debug|x86.Build.0 = Debug|x86
		{FA68BD53-8990-4A02-A3F9-1BF6F94E6350}.Debug|x86.Deploy.0 = Debug|x86
		{FA68BD53-8990-4A02-A3F9-1BF6F94E6350}.Release|Any CPU.ActiveCfg = Release|x86
		{FA68BD53-8990-4A02-A3F9-1BF6F94E6350}.Release|Any CPU.Build.0 = Release|x86
		{FA68BD53-8990-4A02-A3F9-1BF6F94E6350}.Release|Any CPU.Deploy.0 = Release|x86
		{FA68BD53-8990-4A02-A3F9-1BF6F94E6350}.Release|ARM.ActiveCfg = Release|ARM
		{FA68BD53-8990-4A02-A3F9-1BF6F94E6350}.Release|ARM.Build.0 = Release|ARM
		{FA68BD53-8990-4A02-A3F9-1BF6F94E6350}.Release|ARM.Deploy.0 = Release|ARM
		{FA68BD53-8990-4A02-A3F9-1BF6F94E6350}.Release|iPhone.ActiveCfg = Release|x86
		{FA68BD53-8990-4A02-A3F9-1BF6F94E6350}.Release|iPhone.Build.0 = Release|x86
		{FA68BD53-8990-4A02-A3F9-1BF6F94E6350}.Release|iPhone.Deploy.0 = Release|x86
		{FA68BD53-8990-4A02-A3F9-1BF6F94E6350}.Release|iPhoneSimulator.ActiveCfg = Release|x86
		{FA68BD53-8990-4A02-A3F9-1BF6F94E6350}.Release|iPhoneSimulator.Build.0 = Release|x86
		{FA68BD53-8990-4A02-A3F9-1BF6F94E6350}.Release|iPhoneSimulator.Deploy.0 = Release|x86
		{FA68BD53-8990-4A02-A3F9-1BF6F94E6350}.Release|x64.ActiveCfg = Release|x64
		{FA68BD53-8990-4A02-A3F9-1BF6F94E6350}.Release|x64.Build.0 = Release|x64
		{FA68BD53-8990-4A02-A3F9-1BF6F94E6350}.Release|x64.Deploy.0 = Release|x64
		{FA68BD53-8990-4A02-A3F9-1BF6F94E6350}.Release|x86.ActiveCfg = Release|x86
		{FA68BD53-8990-4A02-A3F9-1BF6F94E6350}.Release|x86.Build.0 = Release|x86
		{FA68BD53-8990-4A02-A3F9-1BF6F94E6350}.Release|x86.Deploy.0 = Release|x86
		{93981A87-A6E3-419A-A9BD-50563E286D98}.Ad-Hoc|Any CPU.ActiveCfg = Debug|Any CPU
		{93981A87-A6E3-419A-A9BD-50563E286D98}.Ad-Hoc|Any CPU.Build.0 = Debug|Any CPU
		{93981A87-A6E3-419A-A9BD-50563E286D98}.Ad-Hoc|Any CPU.Deploy.0 = Debug|Any CPU
		{93981A87-A6E3-419A-A9BD-50563E286D98}.Ad-Hoc|ARM.ActiveCfg = Debug|Any CPU
		{93981A87-A6E3-419A-A9BD-50563E286D98}.Ad-Hoc|ARM.Build.0 = Debug|Any CPU
		{93981A87-A6E3-419A-A9BD-50563E286D98}.Ad-Hoc|ARM.Deploy.0 = Debug|Any CPU
		{93981A87-A6E3-419A-A9BD-50563E286D98}.Ad-Hoc|iPhone.ActiveCfg = Debug|Any CPU
		{93981A87-A6E3-419A-A9BD-50563E286D98}.Ad-Hoc|iPhone.Build.0 = Debug|Any CPU
		{93981A87-A6E3-419A-A9BD-50563E286D98}.Ad-Hoc|iPhone.Deploy.0 = Debug|Any CPU
		{93981A87-A6E3-419A-A9BD-50563E286D98}.Ad-Hoc|iPhoneSimulator.ActiveCfg = Debug|Any CPU
		{93981A87-A6E3-419A-A9BD-50563E286D98}.Ad-Hoc|iPhoneSimulator.Build.0 = Debug|Any CPU
		{93981A87-A6E3-419A-A9BD-50563E286D98}.Ad-Hoc|iPhoneSimulator.Deploy.0 = Debug|Any CPU
		{93981A87-A6E3-419A-A9BD-50563E286D98}.Ad-Hoc|x64.ActiveCfg = Debug|Any CPU
		{93981A87-A6E3-419A-A9BD-50563E286D98}.Ad-Hoc|x64.Build.0 = Debug|Any CPU
		{93981A87-A6E3-419A-A9BD-50563E286D98}.Ad-Hoc|x64.Deploy.0 = Debug|Any CPU
		{93981A87-A6E3-419A-A9BD-50563E286D98}.Ad-Hoc|x86.ActiveCfg = Debug|Any CPU
		{93981A87-A6E3-419A-A9BD-50563E286D98}.Ad-Hoc|x86.Build.0 = Debug|Any CPU
		{93981A87-A6E3-419A-A9BD-50563E286D98}.Ad-Hoc|x86.Deploy.0 = Debug|Any CPU
		{93981A87-A6E3-419A-A9BD-50563E286D98}.AppStore|Any CPU.ActiveCfg = Debug|Any CPU
		{93981A87-A6E3-419A-A9BD-50563E286D98}.AppStore|Any CPU.Build.0 = Debug|Any CPU
		{93981A87-A6E3-419A-A9BD-50563E286D98}.AppStore|Any CPU.Deploy.0 = Debug|Any CPU
		{93981A87-A6E3-419A-A9BD-50563E286D98}.AppStore|ARM.ActiveCfg = Debug|Any CPU
		{93981A87-A6E3-419A-A9BD-50563E286D98}.AppStore|ARM.Build.0 = Debug|Any CPU
		{93981A87-A6E3-419A-A9BD-50563E286D98}.AppStore|ARM.Deploy.0 = Debug|Any CPU
		{93981A87-A6E3-419A-A9BD-50563E286D98}.AppStore|iPhone.ActiveCfg = Debug|Any CPU
		{93981A87-A6E3-419A-A9BD-50563E286D98}.AppStore|iPhone.Build.0 = Debug|Any CPU
		{93981A87-A6E3-419A-A9BD-50563E286D98}.AppStore|iPhone.Deploy.0 = Debug|Any CPU
		{93981A87-A6E3-419A-A9BD-50563E286D98}.AppStore|iPhoneSimulator.ActiveCfg = Debug|Any CPU
		{93981A87-A6E3-419A-A9BD-50563E286D98}.AppStore|iPhoneSimulator.Build.0 = Debug|Any CPU
		{93981A87-A6E3-419A-A9BD-50563E286D98}.AppStore|iPhoneSimulator.Deploy.0 = Debug|Any CPU
		{93981A87-A6E3-419A-A9BD-50563E286D98}.AppStore|x64.ActiveCfg = Debug|Any CPU
		{93981A87-A6E3-419A-A9BD-50563E286D98}.AppStore|x64.Build.0 = Debug|Any CPU
		{93981A87-A6E3-419A-A9BD-50563E286D98}.AppStore|x64.Deploy.0 = Debug|Any CPU
		{93981A87-A6E3-419A-A9BD-50563E286D98}.AppStore|x86.ActiveCfg = Debug|Any CPU
		{93981A87-A6E3-419A-A9BD-50563E286D98}.AppStore|x86.Build.0 = Debug|Any CPU
		{93981A87-A6E3-419A-A9BD-50563E286D98}.AppStore|x86.Deploy.0 = Debug|Any CPU
		{93981A87-A6E3-419A-A9BD-50563E286D98}.Debug|Any CPU.ActiveCfg = Debug|Any CPU
		{93981A87-A6E3-419A-A9BD-50563E286D98}.Debug|Any CPU.Build.0 = Debug|Any CPU
		{93981A87-A6E3-419A-A9BD-50563E286D98}.Debug|Any CPU.Deploy.0 = Debug|Any CPU
		{93981A87-A6E3-419A-A9BD-50563E286D98}.Debug|ARM.ActiveCfg = Debug|Any CPU
		{93981A87-A6E3-419A-A9BD-50563E286D98}.Debug|ARM.Build.0 = Debug|Any CPU
		{93981A87-A6E3-419A-A9BD-50563E286D98}.Debug|ARM.Deploy.0 = Debug|Any CPU
		{93981A87-A6E3-419A-A9BD-50563E286D98}.Debug|iPhone.ActiveCfg = Debug|Any CPU
		{93981A87-A6E3-419A-A9BD-50563E286D98}.Debug|iPhone.Build.0 = Debug|Any CPU
		{93981A87-A6E3-419A-A9BD-50563E286D98}.Debug|iPhone.Deploy.0 = Debug|Any CPU
		{93981A87-A6E3-419A-A9BD-50563E286D98}.Debug|iPhoneSimulator.ActiveCfg = Debug|Any CPU
		{93981A87-A6E3-419A-A9BD-50563E286D98}.Debug|iPhoneSimulator.Build.0 = Debug|Any CPU
		{93981A87-A6E3-419A-A9BD-50563E286D98}.Debug|iPhoneSimulator.Deploy.0 = Debug|Any CPU
		{93981A87-A6E3-419A-A9BD-50563E286D98}.Debug|x64.ActiveCfg = Debug|Any CPU
		{93981A87-A6E3-419A-A9BD-50563E286D98}.Debug|x64.Build.0 = Debug|Any CPU
		{93981A87-A6E3-419A-A9BD-50563E286D98}.Debug|x64.Deploy.0 = Debug|Any CPU
		{93981A87-A6E3-419A-A9BD-50563E286D98}.Debug|x86.ActiveCfg = Debug|Any CPU
		{93981A87-A6E3-419A-A9BD-50563E286D98}.Debug|x86.Build.0 = Debug|Any CPU
		{93981A87-A6E3-419A-A9BD-50563E286D98}.Debug|x86.Deploy.0 = Debug|Any CPU
		{93981A87-A6E3-419A-A9BD-50563E286D98}.Release|Any CPU.ActiveCfg = Release|Any CPU
		{93981A87-A6E3-419A-A9BD-50563E286D98}.Release|Any CPU.Build.0 = Release|Any CPU
		{93981A87-A6E3-419A-A9BD-50563E286D98}.Release|Any CPU.Deploy.0 = Release|Any CPU
		{93981A87-A6E3-419A-A9BD-50563E286D98}.Release|ARM.ActiveCfg = Release|Any CPU
		{93981A87-A6E3-419A-A9BD-50563E286D98}.Release|ARM.Build.0 = Release|Any CPU
		{93981A87-A6E3-419A-A9BD-50563E286D98}.Release|ARM.Deploy.0 = Release|Any CPU
		{93981A87-A6E3-419A-A9BD-50563E286D98}.Release|iPhone.ActiveCfg = Release|Any CPU
		{93981A87-A6E3-419A-A9BD-50563E286D98}.Release|iPhone.Build.0 = Release|Any CPU
		{93981A87-A6E3-419A-A9BD-50563E286D98}.Release|iPhone.Deploy.0 = Release|Any CPU
		{93981A87-A6E3-419A-A9BD-50563E286D98}.Release|iPhoneSimulator.ActiveCfg = Release|Any CPU
		{93981A87-A6E3-419A-A9BD-50563E286D98}.Release|iPhoneSimulator.Build.0 = Release|Any CPU
		{93981A87-A6E3-419A-A9BD-50563E286D98}.Release|iPhoneSimulator.Deploy.0 = Release|Any CPU
		{93981A87-A6E3-419A-A9BD-50563E286D98}.Release|x64.ActiveCfg = Release|Any CPU
		{93981A87-A6E3-419A-A9BD-50563E286D98}.Release|x64.Build.0 = Release|Any CPU
		{93981A87-A6E3-419A-A9BD-50563E286D98}.Release|x64.Deploy.0 = Release|Any CPU
		{93981A87-A6E3-419A-A9BD-50563E286D98}.Release|x86.ActiveCfg = Release|Any CPU
		{93981A87-A6E3-419A-A9BD-50563E286D98}.Release|x86.Build.0 = Release|Any CPU
		{93981A87-A6E3-419A-A9BD-50563E286D98}.Release|x86.Deploy.0 = Release|Any CPU
	EndGlobalSection
	GlobalSection(SolutionProperties) = preSolution
		HideSolutionNode = FALSE
	EndGlobalSection
	GlobalSection(ExtensibilityGlobals) = postSolution
		SolutionGuid = {D4891737-0CA8-4944-BBA7-3FEAF6211554}
	EndGlobalSection
EndGlobal
